
Microsoft Visual Studio Solution File, Format Version 12.00
# Visual Studio Version 17
VisualStudioVersion = 17.5.002.0
MinimumVisualStudioVersion = 10.0.40219.1
Project("{9A19103F-16F7-4668-BE54-9A1E7A4F7556}") = "Aula01-HelloWorld", "Aula01-HelloWorld\Aula01-HelloWorld.csproj", "{74FD5565-2672-4161-988B-0AF7F277F29D}"
EndProject
Global
	GlobalSection(SolutionConfigurationPlatforms) = preSolution
		Debug|Any CPU = Debug|Any CPU
		Release|Any CPU = Release|Any CPU
	EndGlobalSection
	GlobalSection(ProjectConfigurationPlatforms) = postSolution
		{74FD5565-2672-4161-988B-0AF7F277F29D}.Debug|Any CPU.ActiveCfg = Debug|Any CPU
		{74FD5565-2672-4161-988B-0AF7F277F29D}.Debug|Any CPU.Build.0 = Debug|Any CPU
		{74FD5565-2672-4161-988B-0AF7F277F29D}.Release|Any CPU.ActiveCfg = Release|Any CPU
		{74FD5565-2672-4161-988B-0AF7F277F29D}.Release|Any CPU.Build.0 = Release|Any CPU
	EndGlobalSection
	GlobalSection(SolutionProperties) = preSolution
		HideSolutionNode = FALSE
	EndGlobalSection
	GlobalSection(ExtensibilityGlobals) = postSolution
		SolutionGuid = {91FDC059-D4DB-476D-BB20-8B740DFCE22F}
	EndGlobalSection
EndGlobal
